
Microsoft Visual Studio Solution File, Format Version 12.00
# Visual Studio Version 17
VisualStudioVersion = 17.10.35122.118
MinimumVisualStudioVersion = 10.0.40219.1
Project("{FAE04EC0-301F-11D3-BF4B-00C04F79EFBC}") = "Apimedigroup", "Apimedigroup\Apimedigroup.csproj", "{1FF68607-F8B7-4648-ACED-0F01DA145279}"
EndProject
Global
	GlobalSection(SolutionConfigurationPlatforms) = preSolution
		Debug|Any CPU = Debug|Any CPU
		Release|Any CPU = Release|Any CPU
	EndGlobalSection
	GlobalSection(ProjectConfigurationPlatforms) = postSolution
		{1FF68607-F8B7-4648-ACED-0F01DA145279}.Debug|Any CPU.ActiveCfg = Debug|Any CPU
		{1FF68607-F8B7-4648-ACED-0F01DA145279}.Debug|Any CPU.Build.0 = Debug|Any CPU
		{1FF68607-F8B7-4648-ACED-0F01DA145279}.Release|Any CPU.ActiveCfg = Release|Any CPU
		{1FF68607-F8B7-4648-ACED-0F01DA145279}.Release|Any CPU.Build.0 = Release|Any CPU
	EndGlobalSection
	GlobalSection(SolutionProperties) = preSolution
		HideSolutionNode = FALSE
	EndGlobalSection
	GlobalSection(ExtensibilityGlobals) = postSolution
		SolutionGuid = {FBA450D3-1A14-4DED-A730-E3F4837BE31F}
	EndGlobalSection
EndGlobal
